Microsoft Visual Studio Solution File, Format Version 7.00
Project("{FAE04EC0-301F-11D3-BF4B-00C04F79EFBC}") = "UniqueNumbers", "UniqueNumbers.csproj", "{396564F9-228D-419D-8716-ACE69565AAF4}"
EndProject
Global
	GlobalSection(SolutionConfiguration) = preSolution
		ConfigName.0 = Debug
		ConfigName.1 = Release
	EndGlobalSection
	GlobalSection(ProjectDependencies) = postSolution
	EndGlobalSection
	GlobalSection(ProjectConfiguration) = postSolution
		{396564F9-228D-419D-8716-ACE69565AAF4}.Debug.ActiveCfg = Debug|.NET
		{396564F9-228D-419D-8716-ACE69565AAF4}.Debug.Build.0 = Debug|.NET
		{396564F9-228D-419D-8716-ACE69565AAF4}.Release.ActiveCfg = Release|.NET
		{396564F9-228D-419D-8716-ACE69565AAF4}.Release.Build.0 = Release|.NET
	EndGlobalSection
	GlobalSection(ExtensibilityGlobals) = postSolution
	EndGlobalSection
	GlobalSection(ExtensibilityAddIns) = postSolution
	EndGlobalSection
EndGlobal
